
Microsoft Visual Studio Solution File, Format Version 12.00
# Visual Studio Version 17
VisualStudioVersion = 17.5.002.0
MinimumVisualStudioVersion = 10.0.40219.1
Project("{9A19103F-16F7-4668-BE54-9A1E7A4F7556}") = "curso", "curso\curso.csproj", "{5B319A78-C71E-434F-890D-5CB8912CE984}"
EndProject
Global
	GlobalSection(SolutionConfigurationPlatforms) = preSolution
		Debug|Any CPU = Debug|Any CPU
		Release|Any CPU = Release|Any CPU
	EndGlobalSection
	GlobalSection(ProjectConfigurationPlatforms) = postSolution
		{5B319A78-C71E-434F-890D-5CB8912CE984}.Debug|Any CPU.ActiveCfg = Debug|Any CPU
		{5B319A78-C71E-434F-890D-5CB8912CE984}.Debug|Any CPU.Build.0 = Debug|Any CPU
		{5B319A78-C71E-434F-890D-5CB8912CE984}.Release|Any CPU.ActiveCfg = Release|Any CPU
		{5B319A78-C71E-434F-890D-5CB8912CE984}.Release|Any CPU.Build.0 = Release|Any CPU
	EndGlobalSection
	GlobalSection(SolutionProperties) = preSolution
		HideSolutionNode = FALSE
	EndGlobalSection
	GlobalSection(ExtensibilityGlobals) = postSolution
		SolutionGuid = {DBB2C64C-7947-4341-974C-6D054D95CCF9}
	EndGlobalSection
EndGlobal
